
Microsoft Visual Studio Solution File, Format Version 12.00
# Visual Studio Version 16
VisualStudioVersion = 16.0.30907.101
MinimumVisualStudioVersion = 10.0.40219.1
Project("{FAE04EC0-301F-11D3-BF4B-00C04F79EFBC}") = "Homework6", "Homework6\Homework6.csproj", "{7B6D8804-5DFD-4ACD-AFFA-82FCDAA9F554}"
EndProject
Global
	GlobalSection(SolutionConfigurationPlatforms) = preSolution
		Debug|Any CPU = Debug|Any CPU
		Release|Any CPU = Release|Any CPU
	EndGlobalSection
	GlobalSection(ProjectConfigurationPlatforms) = postSolution
		{7B6D8804-5DFD-4ACD-AFFA-82FCDAA9F554}.Debug|Any CPU.ActiveCfg = Debug|Any CPU
		{7B6D8804-5DFD-4ACD-AFFA-82FCDAA9F554}.Debug|Any CPU.Build.0 = Debug|Any CPU
		{7B6D8804-5DFD-4ACD-AFFA-82FCDAA9F554}.Release|Any CPU.ActiveCfg = Release|Any CPU
		{7B6D8804-5DFD-4ACD-AFFA-82FCDAA9F554}.Release|Any CPU.Build.0 = Release|Any CPU
	EndGlobalSection
	GlobalSection(SolutionProperties) = preSolution
		HideSolutionNode = FALSE
	EndGlobalSection
	GlobalSection(ExtensibilityGlobals) = postSolution
		SolutionGuid = {E810AB28-A9CC-4B24-983F-C234139929E4}
	EndGlobalSection
EndGlobal
